
Microsoft Visual Studio Solution File, Format Version 12.00
# Visual Studio 15
VisualStudioVersion = 15.0.26124.0
MinimumVisualStudioVersion = 15.0.26124.0
Project("{FAE04EC0-301F-11D3-BF4B-00C04F79EFBC}") = "ex1", "ex1\ex1.csproj", "{DF49A047-AC3D-4190-8501-1A4A6FB4F342}"
EndProject
Project("{FAE04EC0-301F-11D3-BF4B-00C04F79EFBC}") = "GnuplotCSharp", "GnuplotCSharp\GnuplotCSharp.csproj", "{CA7FBB56-BA75-4572-A2E1-9B9356043F89}"
EndProject
Project("{FAE04EC0-301F-11D3-BF4B-00C04F79EFBC}") = "ex1_multi", "ex1_multi\ex1_multi.csproj", "{DFA00327-E0EA-4EFC-B55F-49975ED107CB}"
EndProject
Project("{FAE04EC0-301F-11D3-BF4B-00C04F79EFBC}") = "ex2", "ex2\ex2.csproj", "{DD67DB47-EEC8-4398-8876-7FD015B054F0}"
EndProject
Project("{FAE04EC0-301F-11D3-BF4B-00C04F79EFBC}") = "ex2_reg", "ex2_reg\ex2_reg.csproj", "{3EA75874-5B28-49E5-8F6F-25CCC13C0DFB}"
EndProject
Project("{FAE04EC0-301F-11D3-BF4B-00C04F79EFBC}") = "ex3", "ex3\ex3.csproj", "{00BF1728-5660-46A1-BED9-AC2A5F5AC98E}"
EndProject
Project("{FAE04EC0-301F-11D3-BF4B-00C04F79EFBC}") = "ex3_nn", "ex3_nn\ex3_nn.csproj", "{32517467-03FE-48A9-9350-90D92722DBD0}"
EndProject
Project("{FAE04EC0-301F-11D3-BF4B-00C04F79EFBC}") = "ex4", "ex4\ex4.csproj", "{A7EB14AB-67CE-4B08-87FA-0FD8BF2657DB}"
EndProject
Global
	GlobalSection(SolutionConfigurationPlatforms) = preSolution
		Debug|Any CPU = Debug|Any CPU
		Debug|x64 = Debug|x64
		Debug|x86 = Debug|x86
		Release|Any CPU = Release|Any CPU
		Release|x64 = Release|x64
		Release|x86 = Release|x86
	EndGlobalSection
	GlobalSection(SolutionProperties) = preSolution
		HideSolutionNode = FALSE
	EndGlobalSection
	GlobalSection(ProjectConfigurationPlatforms) = postSolution
		{DF49A047-AC3D-4190-8501-1A4A6FB4F342}.Debug|Any CPU.ActiveCfg = Debug|Any CPU
		{DF49A047-AC3D-4190-8501-1A4A6FB4F342}.Debug|Any CPU.Build.0 = Debug|Any CPU
		{DF49A047-AC3D-4190-8501-1A4A6FB4F342}.Debug|x64.ActiveCfg = Debug|Any CPU
		{DF49A047-AC3D-4190-8501-1A4A6FB4F342}.Debug|x64.Build.0 = Debug|Any CPU
		{DF49A047-AC3D-4190-8501-1A4A6FB4F342}.Debug|x86.ActiveCfg = Debug|Any CPU
		{DF49A047-AC3D-4190-8501-1A4A6FB4F342}.Debug|x86.Build.0 = Debug|Any CPU
		{DF49A047-AC3D-4190-8501-1A4A6FB4F342}.Release|Any CPU.ActiveCfg = Release|Any CPU
		{DF49A047-AC3D-4190-8501-1A4A6FB4F342}.Release|Any CPU.Build.0 = Release|Any CPU
		{DF49A047-AC3D-4190-8501-1A4A6FB4F342}.Release|x64.ActiveCfg = Release|Any CPU
		{DF49A047-AC3D-4190-8501-1A4A6FB4F342}.Release|x64.Build.0 = Release|Any CPU
		{DF49A047-AC3D-4190-8501-1A4A6FB4F342}.Release|x86.ActiveCfg = Release|Any CPU
		{DF49A047-AC3D-4190-8501-1A4A6FB4F342}.Release|x86.Build.0 = Release|Any CPU
		{CA7FBB56-BA75-4572-A2E1-9B9356043F89}.Debug|Any CPU.ActiveCfg = Debug|Any CPU
		{CA7FBB56-BA75-4572-A2E1-9B9356043F89}.Debug|Any CPU.Build.0 = Debug|Any CPU
		{CA7FBB56-BA75-4572-A2E1-9B9356043F89}.Debug|x64.ActiveCfg = Debug|Any CPU
		{CA7FBB56-BA75-4572-A2E1-9B9356043F89}.Debug|x64.Build.0 = Debug|Any CPU
		{CA7FBB56-BA75-4572-A2E1-9B9356043F89}.Debug|x86.ActiveCfg = Debug|Any CPU
		{CA7FBB56-BA75-4572-A2E1-9B9356043F89}.Debug|x86.Build.0 = Debug|Any CPU
		{CA7FBB56-BA75-4572-A2E1-9B9356043F89}.Release|Any CPU.ActiveCfg = Release|Any CPU
		{CA7FBB56-BA75-4572-A2E1-9B9356043F89}.Release|Any CPU.Build.0 = Release|Any CPU
		{CA7FBB56-BA75-4572-A2E1-9B9356043F89}.Release|x64.ActiveCfg = Release|Any CPU
		{CA7FBB56-BA75-4572-A2E1-9B9356043F89}.Release|x64.Build.0 = Release|Any CPU
		{CA7FBB56-BA75-4572-A2E1-9B9356043F89}.Release|x86.ActiveCfg = Release|Any CPU
		{CA7FBB56-BA75-4572-A2E1-9B9356043F89}.Release|x86.Build.0 = Release|Any CPU
		{DFA00327-E0EA-4EFC-B55F-49975ED107CB}.Debug|Any CPU.ActiveCfg = Debug|Any CPU
		{DFA00327-E0EA-4EFC-B55F-49975ED107CB}.Debug|Any CPU.Build.0 = Debug|Any CPU
		{DFA00327-E0EA-4EFC-B55F-49975ED107CB}.Debug|x64.ActiveCfg = Debug|Any CPU
		{DFA00327-E0EA-4EFC-B55F-49975ED107CB}.Debug|x64.Build.0 = Debug|Any CPU
		{DFA00327-E0EA-4EFC-B55F-49975ED107CB}.Debug|x86.ActiveCfg = Debug|Any CPU
		{DFA00327-E0EA-4EFC-B55F-49975ED107CB}.Debug|x86.Build.0 = Debug|Any CPU
		{DFA00327-E0EA-4EFC-B55F-49975ED107CB}.Release|Any CPU.ActiveCfg = Release|Any CPU
		{DFA00327-E0EA-4EFC-B55F-49975ED107CB}.Release|Any CPU.Build.0 = Release|Any CPU
		{DFA00327-E0EA-4EFC-B55F-49975ED107CB}.Release|x64.ActiveCfg = Release|Any CPU
		{DFA00327-E0EA-4EFC-B55F-49975ED107CB}.Release|x64.Build.0 = Release|Any CPU
		{DFA00327-E0EA-4EFC-B55F-49975ED107CB}.Release|x86.ActiveCfg = Release|Any CPU
		{DFA00327-E0EA-4EFC-B55F-49975ED107CB}.Release|x86.Build.0 = Release|Any CPU
		{DD67DB47-EEC8-4398-8876-7FD015B054F0}.Debug|Any CPU.ActiveCfg = Debug|Any CPU
		{DD67DB47-EEC8-4398-8876-7FD015B054F0}.Debug|Any CPU.Build.0 = Debug|Any CPU
		{DD67DB47-EEC8-4398-8876-7FD015B054F0}.Debug|x64.ActiveCfg = Debug|Any CPU
		{DD67DB47-EEC8-4398-8876-7FD015B054F0}.Debug|x64.Build.0 = Debug|Any CPU
		{DD67DB47-EEC8-4398-8876-7FD015B054F0}.Debug|x86.ActiveCfg = Debug|Any CPU
		{DD67DB47-EEC8-4398-8876-7FD015B054F0}.Debug|x86.Build.0 = Debug|Any CPU
		{DD67DB47-EEC8-4398-8876-7FD015B054F0}.Release|Any CPU.ActiveCfg = Release|Any CPU
		{DD67DB47-EEC8-4398-8876-7FD015B054F0}.Release|Any CPU.Build.0 = Release|Any CPU
		{DD67DB47-EEC8-4398-8876-7FD015B054F0}.Release|x64.ActiveCfg = Release|Any CPU
		{DD67DB47-EEC8-4398-8876-7FD015B054F0}.Release|x64.Build.0 = Release|Any CPU
		{DD67DB47-EEC8-4398-8876-7FD015B054F0}.Release|x86.ActiveCfg = Release|Any CPU
		{DD67DB47-EEC8-4398-8876-7FD015B054F0}.Release|x86.Build.0 = Release|Any CPU
		{3EA75874-5B28-49E5-8F6F-25CCC13C0DFB}.Debug|Any CPU.ActiveCfg = Debug|Any CPU
		{3EA75874-5B28-49E5-8F6F-25CCC13C0DFB}.Debug|Any CPU.Build.0 = Debug|Any CPU
		{3EA75874-5B28-49E5-8F6F-25CCC13C0DFB}.Debug|x64.ActiveCfg = Debug|Any CPU
		{3EA75874-5B28-49E5-8F6F-25CCC13C0DFB}.Debug|x64.Build.0 = Debug|Any CPU
		{3EA75874-5B28-49E5-8F6F-25CCC13C0DFB}.Debug|x86.ActiveCfg = Debug|Any CPU
		{3EA75874-5B28-49E5-8F6F-25CCC13C0DFB}.Debug|x86.Build.0 = Debug|Any CPU
		{3EA75874-5B28-49E5-8F6F-25CCC13C0DFB}.Release|Any CPU.ActiveCfg = Release|Any CPU
		{3EA75874-5B28-49E5-8F6F-25CCC13C0DFB}.Release|Any CPU.Build.0 = Release|Any CPU
		{3EA75874-5B28-49E5-8F6F-25CCC13C0DFB}.Release|x64.ActiveCfg = Release|Any CPU
		{3EA75874-5B28-49E5-8F6F-25CCC13C0DFB}.Release|x64.Build.0 = Release|Any CPU
		{3EA75874-5B28-49E5-8F6F-25CCC13C0DFB}.Release|x86.ActiveCfg = Release|Any CPU
		{3EA75874-5B28-49E5-8F6F-25CCC13C0DFB}.Release|x86.Build.0 = Release|Any CPU
		{00BF1728-5660-46A1-BED9-AC2A5F5AC98E}.Debug|Any CPU.ActiveCfg = Debug|Any CPU
		{00BF1728-5660-46A1-BED9-AC2A5F5AC98E}.Debug|Any CPU.Build.0 = Debug|Any CPU
		{00BF1728-5660-46A1-BED9-AC2A5F5AC98E}.Debug|x64.ActiveCfg = Debug|Any CPU
		{00BF1728-5660-46A1-BED9-AC2A5F5AC98E}.Debug|x64.Build.0 = Debug|Any CPU
		{00BF1728-5660-46A1-BED9-AC2A5F5AC98E}.Debug|x86.ActiveCfg = Debug|Any CPU
		{00BF1728-5660-46A1-BED9-AC2A5F5AC98E}.Debug|x86.Build.0 = Debug|Any CPU
		{00BF1728-5660-46A1-BED9-AC2A5F5AC98E}.Release|Any CPU.ActiveCfg = Release|Any CPU
		{00BF1728-5660-46A1-BED9-AC2A5F5AC98E}.Release|Any CPU.Build.0 = Release|Any CPU
		{00BF1728-5660-46A1-BED9-AC2A5F5AC98E}.Release|x64.ActiveCfg = Release|Any CPU
		{00BF1728-5660-46A1-BED9-AC2A5F5AC98E}.Release|x64.Build.0 = Release|Any CPU
		{00BF1728-5660-46A1-BED9-AC2A5F5AC98E}.Release|x86.ActiveCfg = Release|Any CPU
		{00BF1728-5660-46A1-BED9-AC2A5F5AC98E}.Release|x86.Build.0 = Release|Any CPU
		{32517467-03FE-48A9-9350-90D92722DBD0}.Debug|Any CPU.ActiveCfg = Debug|Any CPU
		{32517467-03FE-48A9-9350-90D92722DBD0}.Debug|Any CPU.Build.0 = Debug|Any CPU
		{32517467-03FE-48A9-9350-90D92722DBD0}.Debug|x64.ActiveCfg = Debug|Any CPU
		{32517467-03FE-48A9-9350-90D92722DBD0}.Debug|x64.Build.0 = Debug|Any CPU
		{32517467-03FE-48A9-9350-90D92722DBD0}.Debug|x86.ActiveCfg = Debug|Any CPU
		{32517467-03FE-48A9-9350-90D92722DBD0}.Debug|x86.Build.0 = Debug|Any CPU
		{32517467-03FE-48A9-9350-90D92722DBD0}.Release|Any CPU.ActiveCfg = Release|Any CPU
		{32517467-03FE-48A9-9350-90D92722DBD0}.Release|Any CPU.Build.0 = Release|Any CPU
		{32517467-03FE-48A9-9350-90D92722DBD0}.Release|x64.ActiveCfg = Release|Any CPU
		{32517467-03FE-48A9-9350-90D92722DBD0}.Release|x64.Build.0 = Release|Any CPU
		{32517467-03FE-48A9-9350-90D92722DBD0}.Release|x86.ActiveCfg = Release|Any CPU
		{32517467-03FE-48A9-9350-90D92722DBD0}.Release|x86.Build.0 = Release|Any CPU
		{A7EB14AB-67CE-4B08-87FA-0FD8BF2657DB}.Debug|Any CPU.ActiveCfg = Debug|Any CPU
		{A7EB14AB-67CE-4B08-87FA-0FD8BF2657DB}.Debug|Any CPU.Build.0 = Debug|Any CPU
		{A7EB14AB-67CE-4B08-87FA-0FD8BF2657DB}.Debug|x64.ActiveCfg = Debug|Any CPU
		{A7EB14AB-67CE-4B08-87FA-0FD8BF2657DB}.Debug|x64.Build.0 = Debug|Any CPU
		{A7EB14AB-67CE-4B08-87FA-0FD8BF2657DB}.Debug|x86.ActiveCfg = Debug|Any CPU
		{A7EB14AB-67CE-4B08-87FA-0FD8BF2657DB}.Debug|x86.Build.0 = Debug|Any CPU
		{A7EB14AB-67CE-4B08-87FA-0FD8BF2657DB}.Release|Any CPU.ActiveCfg = Release|Any CPU
		{A7EB14AB-67CE-4B08-87FA-0FD8BF2657DB}.Release|Any CPU.Build.0 = Release|Any CPU
		{A7EB14AB-67CE-4B08-87FA-0FD8BF2657DB}.Release|x64.ActiveCfg = Release|Any CPU
		{A7EB14AB-67CE-4B08-87FA-0FD8BF2657DB}.Release|x64.Build.0 = Release|Any CPU
		{A7EB14AB-67CE-4B08-87FA-0FD8BF2657DB}.Release|x86.ActiveCfg = Release|Any CPU
		{A7EB14AB-67CE-4B08-87FA-0FD8BF2657DB}.Release|x86.Build.0 = Release|Any CPU
	EndGlobalSection
EndGlobal
